#
# requirements.lock - Pinned dependency versions for flyto-core
#
# This file pins all dependencies to their minimum known-good versions.
# Generated manually from pyproject.toml and requirements.txt.
#
# To regenerate with pip-tools (preferred):
#   pip install pip-tools
#   pip-compile --output-file=requirements.lock pyproject.toml
#
# Or run: ./scripts/lock-deps.sh
#

# ============================================
# Core dependencies (from pyproject.toml)
# ============================================
pyyaml==6.0
aiohttp==3.14.1  # bumped from 3.13.5 — 11 CVEs (CVE-2026-34993/47265/54273–54280/50269); requires Python >=3.10 (Dockerfiles use 3.12)
beautifulsoup4==4.12.0
lxml==6.1.0  # bumped from 4.9.0 — was vulnerable to XXE/iterparse CVE-2026-41066
pydantic==2.4.0  # bumped from 2.0.0 — GHSA-mr82-8j83-vxmv ReDoS fixed in 2.4.0
python-dotenv==1.2.2  # bumped from 1.0.0 — CVE-2026-28684
aiofiles==23.0.0

# ============================================
# Optional: Browser automation
# ============================================
# pip install flyto-core[browser]
playwright==1.40.0

# ============================================
# Optional: API server
# ============================================
# pip install flyto-core[api]
fastapi==0.138.0  # bumped from 0.115.0 — pulls starlette>=0.46 (allows 1.3.1)
starlette==1.3.1  # explicit pin — 7 CVEs fixed (CVE-2024-47874/2026-48817/48818/54282/54283 etc.)
python-multipart==0.0.32  # explicit pin — 3 CVEs fixed (CVE-2026-53538/53539/53540)
uvicorn==0.24.0

# ============================================
# Optional: Vector database / embeddings
# ============================================
# pip install flyto-core[vector]
qdrant-client==1.9.0  # bumped from 1.7.0 — GHSA-7m75-x27w-r52r input validation failure fixed in 1.9.0
sentence-transformers==2.2.0

# ============================================
# Optional: Telegram bot
# ============================================
# pip install flyto-core[telegram]
python-telegram-bot==20.0

# ============================================
# Additional runtime deps (from requirements.txt)
# ============================================
firebase-admin==6.2.0
requests==2.31.0
openai==1.0.0
